{
    "name": "simple-ajax",
    "version": "2.0.0",
    "lockfileVersion": 1,
    "requires": true,
    "dependencies": {
        "argparse": {
            "version": "1.0.10",
            "resolved": "https://registry.npmjs.org/argparse/-/argparse-1.0.10.tgz",
            "integrity": "sha512-o5Roy6tNG4SL/FOkCAN6RzjiakZS25RLYFrcMttJqbdd8BWrnA+fGz57iN5Pb06pvBGvl5gQ0B48dJlslXvoTg==",
            "dev": true,
            "requires": {
                "sprintf-js": "~1.0.2"
            }
        },
        "buffer-from": {
            "version": "1.1.1",
            "resolved": "https://registry.npmjs.org/buffer-from/-/buffer-from-1.1.1.tgz",
            "integrity": "sha512-MQcXEUbCKtEo7bhqEs6560Hyd4XaovZlO/k9V3hjVUF/zwW7KBVdSK4gIt/bzwS9MbR5qob+F5jusZsb0YQK2A==",
            "dev": true
        },
        "commander": {
            "version": "2.20.3",
            "resolved": "https://registry.npmjs.org/commander/-/commander-2.20.3.tgz",
            "integrity": "sha512-GpVkmM8vF2vQUkj2LvZmD35JxeJOLCwJ9cUkugyk2nuhbv3+mJvpLYYt+0+USMxE+oj+ey/lJEnhZw75x/OMcQ==",
            "dev": true
        },
        "entities": {
            "version": "1.1.2",
            "resolved": "https://registry.npmjs.org/entities/-/entities-1.1.2.tgz",
            "integrity": "sha512-f2LZMYl1Fzu7YSBKg+RoROelpOaNrcGmE9AZubeDfrCEia483oW4MI4VyFd5VNHIgQ/7qm1I0wUHK1eJnn2y2w==",
            "dev": true
        },
        "jstransformer-markdown-it": {
            "version": "2.1.0",
            "resolved": "https://registry.npmjs.org/jstransformer-markdown-it/-/jstransformer-markdown-it-2.1.0.tgz",
            "integrity": "sha1-aewwzkUYvtWZezjwJ2SOjChekvc=",
            "dev": true,
            "requires": {
                "markdown-it": "^8.0.0"
            }
        },
        "linkify-it": {
            "version": "2.2.0",
            "resolved": "https://registry.npmjs.org/linkify-it/-/linkify-it-2.2.0.tgz",
            "integrity": "sha512-GnAl/knGn+i1U/wjBz3akz2stz+HrHLsxMwHQGofCDfPvlf+gDKN58UtfmUquTY4/MXeE2x7k19KQmeoZi94Iw==",
            "dev": true,
            "requires": {
                "uc.micro": "^1.0.1"
            }
        },
        "lodash.deburr": {
            "version": "4.1.0",
            "resolved": "https://registry.npmjs.org/lodash.deburr/-/lodash.deburr-4.1.0.tgz",
            "integrity": "sha1-3bG7s+8HRYwBd7oH3hRCLLAz/5s=",
            "dev": true
        },
        "lodash.kebabcase": {
            "version": "4.0.1",
            "resolved": "https://registry.npmjs.org/lodash.kebabcase/-/lodash.kebabcase-4.0.1.tgz",
            "integrity": "sha1-XmO8mqKlVi/zuXynry+APeG8uQ4=",
            "dev": true,
            "requires": {
                "lodash.deburr": "^4.0.0",
                "lodash.words": "^4.0.0"
            }
        },
        "lodash.words": {
            "version": "4.2.0",
            "resolved": "https://registry.npmjs.org/lodash.words/-/lodash.words-4.2.0.tgz",
            "integrity": "sha1-Xs/q+Oz4rKqODIOGKV8Zk8nPQDY=",
            "dev": true
        },
        "markdown-it": {
            "version": "8.4.2",
            "resolved": "https://registry.npmjs.org/markdown-it/-/markdown-it-8.4.2.tgz",
            "integrity": "sha512-GcRz3AWTqSUphY3vsUqQSFMbgR38a4Lh3GWlHRh/7MRwz8mcu9n2IO7HOh+bXHrR9kOPDl5RNCaEsrneb+xhHQ==",
            "dev": true,
            "requires": {
                "argparse": "^1.0.7",
                "entities": "~1.1.1",
                "linkify-it": "^2.0.0",
                "mdurl": "^1.0.1",
                "uc.micro": "^1.0.5"
            }
        },
        "markdown-it-named-headings": {
            "version": "1.1.0",
            "resolved": "https://registry.npmjs.org/markdown-it-named-headings/-/markdown-it-named-headings-1.1.0.tgz",
            "integrity": "sha1-L2zSmADeHp3eCiTo1NEnXfQuoX0=",
            "dev": true,
            "requires": {
                "lodash.kebabcase": "4.0.1",
                "unidecode": "^0.1.8"
            }
        },
        "mdurl": {
            "version": "1.0.1",
            "resolved": "https://registry.npmjs.org/mdurl/-/mdurl-1.0.1.tgz",
            "integrity": "sha1-/oWy7HWlkDfyrf7BAP1sYBdhFS4=",
            "dev": true
        },
        "prettier": {
            "version": "1.19.1",
            "resolved": "https://registry.npmjs.org/prettier/-/prettier-1.19.1.tgz",
            "integrity": "sha512-s7PoyDv/II1ObgQunCbB9PdLmUcBZcnWOcxDh7O0N/UwDEsHyqkW+Qh28jW+mVuCdx7gLB0BotYI1Y6uI9iyew==",
            "dev": true
        },
        "source-map": {
            "version": "0.6.1",
            "resolved": "https://registry.npmjs.org/source-map/-/source-map-0.6.1.tgz",
            "integrity": "sha512-UjgapumWlbMhkBgzT7Ykc5YXUT46F0iKu8SGXq0bcwP5dz/h0Plj6enJqjz1Zbq2l5WaqYnrVbwWOWMyF3F47g==",
            "dev": true
        },
        "source-map-support": {
            "version": "0.5.16",
            "resolved": "https://registry.npmjs.org/source-map-support/-/source-map-support-0.5.16.tgz",
            "integrity": "sha512-efyLRJDr68D9hBBNIPWFjhpFzURh+KJykQwvMyW5UiZzYwoF6l4YMMDIJJEyFWxWCqfyxLzz6tSfUFR+kXXsVQ==",
            "dev": true,
            "requires": {
                "buffer-from": "^1.0.0",
                "source-map": "^0.6.0"
            }
        },
        "sprintf-js": {
            "version": "1.0.3",
            "resolved": "https://registry.npmjs.org/sprintf-js/-/sprintf-js-1.0.3.tgz",
            "integrity": "sha1-BOaSb2YolTVPPdAVIDYzuFcpfiw=",
            "dev": true
        },
        "terser": {
            "version": "4.6.3",
            "resolved": "https://registry.npmjs.org/terser/-/terser-4.6.3.tgz",
            "integrity": "sha512-Lw+ieAXmY69d09IIc/yqeBqXpEQIpDGZqT34ui1QWXIUpR2RjbqEkT8X7Lgex19hslSqcWM5iMN2kM11eMsESQ==",
            "dev": true,
            "requires": {
                "commander": "^2.20.0",
                "source-map": "~0.6.1",
                "source-map-support": "~0.5.12"
            }
        },
        "typescript": {
            "version": "3.7.5",
            "resolved": "https://registry.npmjs.org/typescript/-/typescript-3.7.5.tgz",
            "integrity": "sha512-/P5lkRXkWHNAbcJIiHPfRoKqyd7bsyCma1hZNUGfn20qm64T6ZBlrzprymeu918H+mB/0rIg2gGK/BXkhhYgBw==",
            "dev": true
        },
        "uc.micro": {
            "version": "1.0.6",
            "resolved": "https://registry.npmjs.org/uc.micro/-/uc.micro-1.0.6.tgz",
            "integrity": "sha512-8Y75pvTYkLJW2hWQHXxoqRgV7qb9B+9vFEtidML+7koHUFapnVJAZ6cKs+Qjz5Aw3aZWHMC6u0wJE3At+nSGwA==",
            "dev": true
        },
        "unidecode": {
            "version": "0.1.8",
            "resolved": "https://registry.npmjs.org/unidecode/-/unidecode-0.1.8.tgz",
            "integrity": "sha1-77swFTi8RSRqmsjFWdcvAVMFBT4=",
            "dev": true
        }
    }
}
